
Microsoft Visual Studio Solution File, Format Version 12.00
# Visual Studio Version 16
VisualStudioVersion = 16.0.30413.136
MinimumVisualStudioVersion = 10.0.40219.1
Project("{FAE04EC0-301F-11D3-BF4B-00C04F79EFBC}") = "EndlessEntities.Android", "EndlessEntities\EndlessEntities.Android\EndlessEntities.Android.csproj", "{D1D98015-EF37-4637-8376-90D048EE828D}"
EndProject
Project("{FAE04EC0-301F-11D3-BF4B-00C04F79EFBC}") = "EndlessEntities.iOS", "EndlessEntities\EndlessEntities.iOS\EndlessEntities.iOS.csproj", "{CFDFDE00-68C0-4068-A116-9161D454BA75}"
EndProject
Project("{9A19103F-16F7-4668-BE54-9A1E7A4F7556}") = "EndlessEntities", "EndlessEntities\EndlessEntities\EndlessEntities.csproj", "{E875A74D-FB69-4475-A2D3-C99E90ED2183}"
EndProject
Project("{2150E333-8FDC-42A3-9474-1A3956D46DE8}") = "Mobile", "Mobile", "{D94A4C9B-71FF-46BA-BC01-203A7DF9D4FC}"
EndProject
Project("{2150E333-8FDC-42A3-9474-1A3956D46DE8}") = "Data", "Data", "{2B87A394-674E-467F-9D90-C18B7F3EB3FD}"
EndProject
Project("{2150E333-8FDC-42A3-9474-1A3956D46DE8}") = "Libraries", "Libraries", "{C4F4709C-B452-4E62-87B9-663AC3F0A3AF}"
EndProject
Project("{2150E333-8FDC-42A3-9474-1A3956D46DE8}") = "Services", "Services", "{14D06BC8-0A18-4553-8E0C-D80FF54D9038}"
EndProject
Project("{2150E333-8FDC-42A3-9474-1A3956D46DE8}") = "UI", "UI", "{7A2626EB-3497-4487-8333-185F83758922}"
EndProject
Project("{9A19103F-16F7-4668-BE54-9A1E7A4F7556}") = "EndlessEntities.Data", "EndlessEntities.Data\EndlessEntities.Data.csproj", "{2B4E67A1-C8DF-4A5D-A943-75DC6B9226C9}"
EndProject
Project("{9A19103F-16F7-4668-BE54-9A1E7A4F7556}") = "EndlessEntities.Core", "EndlessEntities.Core\EndlessEntities.Core.csproj", "{E4CA729B-6567-47E7-AE5E-1B29282F07E8}"
EndProject
Project("{9A19103F-16F7-4668-BE54-9A1E7A4F7556}") = "EndlessEntities.Services", "EndlessEntities.Services\EndlessEntities.Services.csproj", "{0A92F969-0A6B-49F4-AD9A-044BE11E8378}"
EndProject
Project("{9A19103F-16F7-4668-BE54-9A1E7A4F7556}") = "EndlessEntities.UI", "EndlessEntities.UI\EndlessEntities.UI.csproj", "{9D61FF49-351F-49F2-AE9E-5AE5527E3D42}"
EndProject
Global
	GlobalSection(SolutionConfigurationPlatforms) = preSolution
		Debug|Any CPU = Debug|Any CPU
		Debug|iPhone = Debug|iPhone
		Debug|iPhoneSimulator = Debug|iPhoneSimulator
		Release|Any CPU = Release|Any CPU
		Release|iPhone = Release|iPhone
		Release|iPhoneSimulator = Release|iPhoneSimulator
	EndGlobalSection
	GlobalSection(ProjectConfigurationPlatforms) = postSolution
		{D1D98015-EF37-4637-8376-90D048EE828D}.Debug|Any CPU.ActiveCfg = Debug|Any CPU
		{D1D98015-EF37-4637-8376-90D048EE828D}.Debug|Any CPU.Build.0 = Debug|Any CPU
		{D1D98015-EF37-4637-8376-90D048EE828D}.Debug|Any CPU.Deploy.0 = Debug|Any CPU
		{D1D98015-EF37-4637-8376-90D048EE828D}.Debug|iPhone.ActiveCfg = Debug|Any CPU
		{D1D98015-EF37-4637-8376-90D048EE828D}.Debug|iPhone.Build.0 = Debug|Any CPU
		{D1D98015-EF37-4637-8376-90D048EE828D}.Debug|iPhone.Deploy.0 = Debug|Any CPU
		{D1D98015-EF37-4637-8376-90D048EE828D}.Debug|iPhoneSimulator.ActiveCfg = Debug|Any CPU
		{D1D98015-EF37-4637-8376-90D048EE828D}.Debug|iPhoneSimulator.Build.0 = Debug|Any CPU
		{D1D98015-EF37-4637-8376-90D048EE828D}.Debug|iPhoneSimulator.Deploy.0 = Debug|Any CPU
		{D1D98015-EF37-4637-8376-90D048EE828D}.Release|Any CPU.ActiveCfg = Release|Any CPU
		{D1D98015-EF37-4637-8376-90D048EE828D}.Release|Any CPU.Build.0 = Release|Any CPU
		{D1D98015-EF37-4637-8376-90D048EE828D}.Release|Any CPU.Deploy.0 = Release|Any CPU
		{D1D98015-EF37-4637-8376-90D048EE828D}.Release|iPhone.ActiveCfg = Release|Any CPU
		{D1D98015-EF37-4637-8376-90D048EE828D}.Release|iPhone.Build.0 = Release|Any CPU
		{D1D98015-EF37-4637-8376-90D048EE828D}.Release|iPhone.Deploy.0 = Release|Any CPU
		{D1D98015-EF37-4637-8376-90D048EE828D}.Release|iPhoneSimulator.ActiveCfg = Release|Any CPU
		{D1D98015-EF37-4637-8376-90D048EE828D}.Release|iPhoneSimulator.Build.0 = Release|Any CPU
		{D1D98015-EF37-4637-8376-90D048EE828D}.Release|iPhoneSimulator.Deploy.0 = Release|Any CPU
		{CFDFDE00-68C0-4068-A116-9161D454BA75}.Debug|Any CPU.ActiveCfg = Debug|iPhone
		{CFDFDE00-68C0-4068-A116-9161D454BA75}.Debug|Any CPU.Build.0 = Debug|iPhone
		{CFDFDE00-68C0-4068-A116-9161D454BA75}.Debug|Any CPU.Deploy.0 = Debug|iPhone
		{CFDFDE00-68C0-4068-A116-9161D454BA75}.Debug|iPhone.ActiveCfg = Debug|iPhone
		{CFDFDE00-68C0-4068-A116-9161D454BA75}.Debug|iPhone.Build.0 = Debug|iPhone
		{CFDFDE00-68C0-4068-A116-9161D454BA75}.Debug|iPhone.Deploy.0 = Debug|iPhone
		{CFDFDE00-68C0-4068-A116-9161D454BA75}.Debug|iPhoneSimulator.ActiveCfg = Debug|iPhoneSimulator
		{CFDFDE00-68C0-4068-A116-9161D454BA75}.Debug|iPhoneSimulator.Build.0 = Debug|iPhoneSimulator
		{CFDFDE00-68C0-4068-A116-9161D454BA75}.Debug|iPhoneSimulator.Deploy.0 = Debug|iPhoneSimulator
		{CFDFDE00-68C0-4068-A116-9161D454BA75}.Release|Any CPU.ActiveCfg = Release|iPhone
		{CFDFDE00-68C0-4068-A116-9161D454BA75}.Release|Any CPU.Build.0 = Release|iPhone
		{CFDFDE00-68C0-4068-A116-9161D454BA75}.Release|Any CPU.Deploy.0 = Release|iPhone
		{CFDFDE00-68C0-4068-A116-9161D454BA75}.Release|iPhone.ActiveCfg = Release|iPhone
		{CFDFDE00-68C0-4068-A116-9161D454BA75}.Release|iPhone.Build.0 = Release|iPhone
		{CFDFDE00-68C0-4068-A116-9161D454BA75}.Release|iPhone.Deploy.0 = Release|iPhone
		{CFDFDE00-68C0-4068-A116-9161D454BA75}.Release|iPhoneSimulator.ActiveCfg = Release|iPhoneSimulator
		{CFDFDE00-68C0-4068-A116-9161D454BA75}.Release|iPhoneSimulator.Build.0 = Release|iPhoneSimulator
		{CFDFDE00-68C0-4068-A116-9161D454BA75}.Release|iPhoneSimulator.Deploy.0 = Release|iPhoneSimulator
		{E875A74D-FB69-4475-A2D3-C99E90ED2183}.Debug|Any CPU.ActiveCfg = Debug|Any CPU
		{E875A74D-FB69-4475-A2D3-C99E90ED2183}.Debug|Any CPU.Build.0 = Debug|Any CPU
		{E875A74D-FB69-4475-A2D3-C99E90ED2183}.Debug|Any CPU.Deploy.0 = Debug|Any CPU
		{E875A74D-FB69-4475-A2D3-C99E90ED2183}.Debug|iPhone.ActiveCfg = Debug|Any CPU
		{E875A74D-FB69-4475-A2D3-C99E90ED2183}.Debug|iPhone.Build.0 = Debug|Any CPU
		{E875A74D-FB69-4475-A2D3-C99E90ED2183}.Debug|iPhone.Deploy.0 = Debug|Any CPU
		{E875A74D-FB69-4475-A2D3-C99E90ED2183}.Debug|iPhoneSimulator.ActiveCfg = Debug|Any CPU
		{E875A74D-FB69-4475-A2D3-C99E90ED2183}.Debug|iPhoneSimulator.Build.0 = Debug|Any CPU
		{E875A74D-FB69-4475-A2D3-C99E90ED2183}.Debug|iPhoneSimulator.Deploy.0 = Debug|Any CPU
		{E875A74D-FB69-4475-A2D3-C99E90ED2183}.Release|Any CPU.ActiveCfg = Release|Any CPU
		{E875A74D-FB69-4475-A2D3-C99E90ED2183}.Release|Any CPU.Build.0 = Release|Any CPU
		{E875A74D-FB69-4475-A2D3-C99E90ED2183}.Release|Any CPU.Deploy.0 = Release|Any CPU
		{E875A74D-FB69-4475-A2D3-C99E90ED2183}.Release|iPhone.ActiveCfg = Release|Any CPU
		{E875A74D-FB69-4475-A2D3-C99E90ED2183}.Release|iPhone.Build.0 = Release|Any CPU
		{E875A74D-FB69-4475-A2D3-C99E90ED2183}.Release|iPhone.Deploy.0 = Release|Any CPU
		{E875A74D-FB69-4475-A2D3-C99E90ED2183}.Release|iPhoneSimulator.ActiveCfg = Release|Any CPU
		{E875A74D-FB69-4475-A2D3-C99E90ED2183}.Release|iPhoneSimulator.Build.0 = Release|Any CPU
		{E875A74D-FB69-4475-A2D3-C99E90ED2183}.Release|iPhoneSimulator.Deploy.0 = Release|Any CPU
		{2B4E67A1-C8DF-4A5D-A943-75DC6B9226C9}.Debug|Any CPU.ActiveCfg = Debug|Any CPU
		{2B4E67A1-C8DF-4A5D-A943-75DC6B9226C9}.Debug|Any CPU.Build.0 = Debug|Any CPU
		{2B4E67A1-C8DF-4A5D-A943-75DC6B9226C9}.Debug|iPhone.ActiveCfg = Debug|Any CPU
		{2B4E67A1-C8DF-4A5D-A943-75DC6B9226C9}.Debug|iPhone.Build.0 = Debug|Any CPU
		{2B4E67A1-C8DF-4A5D-A943-75DC6B9226C9}.Debug|iPhoneSimulator.ActiveCfg = Debug|Any CPU
		{2B4E67A1-C8DF-4A5D-A943-75DC6B9226C9}.Debug|iPhoneSimulator.Build.0 = Debug|Any CPU
		{2B4E67A1-C8DF-4A5D-A943-75DC6B9226C9}.Release|Any CPU.ActiveCfg = Release|Any CPU
		{2B4E67A1-C8DF-4A5D-A943-75DC6B9226C9}.Release|Any CPU.Build.0 = Release|Any CPU
		{2B4E67A1-C8DF-4A5D-A943-75DC6B9226C9}.Release|iPhone.ActiveCfg = Release|Any CPU
		{2B4E67A1-C8DF-4A5D-A943-75DC6B9226C9}.Release|iPhone.Build.0 = Release|Any CPU
		{2B4E67A1-C8DF-4A5D-A943-75DC6B9226C9}.Release|iPhoneSimulator.ActiveCfg = Release|Any CPU
		{2B4E67A1-C8DF-4A5D-A943-75DC6B9226C9}.Release|iPhoneSimulator.Build.0 = Release|Any CPU
		{E4CA729B-6567-47E7-AE5E-1B29282F07E8}.Debug|Any CPU.ActiveCfg = Debug|Any CPU
		{E4CA729B-6567-47E7-AE5E-1B29282F07E8}.Debug|Any CPU.Build.0 = Debug|Any CPU
		{E4CA729B-6567-47E7-AE5E-1B29282F07E8}.Debug|iPhone.ActiveCfg = Debug|Any CPU
		{E4CA729B-6567-47E7-AE5E-1B29282F07E8}.Debug|iPhone.Build.0 = Debug|Any CPU
		{E4CA729B-6567-47E7-AE5E-1B29282F07E8}.Debug|iPhoneSimulator.ActiveCfg = Debug|Any CPU
		{E4CA729B-6567-47E7-AE5E-1B29282F07E8}.Debug|iPhoneSimulator.Build.0 = Debug|Any CPU
		{E4CA729B-6567-47E7-AE5E-1B29282F07E8}.Release|Any CPU.ActiveCfg = Release|Any CPU
		{E4CA729B-6567-47E7-AE5E-1B29282F07E8}.Release|Any CPU.Build.0 = Release|Any CPU
		{E4CA729B-6567-47E7-AE5E-1B29282F07E8}.Release|iPhone.ActiveCfg = Release|Any CPU
		{E4CA729B-6567-47E7-AE5E-1B29282F07E8}.Release|iPhone.Build.0 = Release|Any CPU
		{E4CA729B-6567-47E7-AE5E-1B29282F07E8}.Release|iPhoneSimulator.ActiveCfg = Release|Any CPU
		{E4CA729B-6567-47E7-AE5E-1B29282F07E8}.Release|iPhoneSimulator.Build.0 = Release|Any CPU
		{0A92F969-0A6B-49F4-AD9A-044BE11E8378}.Debug|Any CPU.ActiveCfg = Debug|Any CPU
		{0A92F969-0A6B-49F4-AD9A-044BE11E8378}.Debug|Any CPU.Build.0 = Debug|Any CPU
		{0A92F969-0A6B-49F4-AD9A-044BE11E8378}.Debug|iPhone.ActiveCfg = Debug|Any CPU
		{0A92F969-0A6B-49F4-AD9A-044BE11E8378}.Debug|iPhone.Build.0 = Debug|Any CPU
		{0A92F969-0A6B-49F4-AD9A-044BE11E8378}.Debug|iPhoneSimulator.ActiveCfg = Debug|Any CPU
		{0A92F969-0A6B-49F4-AD9A-044BE11E8378}.Debug|iPhoneSimulator.Build.0 = Debug|Any CPU
		{0A92F969-0A6B-49F4-AD9A-044BE11E8378}.Release|Any CPU.ActiveCfg = Release|Any CPU
		{0A92F969-0A6B-49F4-AD9A-044BE11E8378}.Release|Any CPU.Build.0 = Release|Any CPU
		{0A92F969-0A6B-49F4-AD9A-044BE11E8378}.Release|iPhone.ActiveCfg = Release|Any CPU
		{0A92F969-0A6B-49F4-AD9A-044BE11E8378}.Release|iPhone.Build.0 = Release|Any CPU
		{0A92F969-0A6B-49F4-AD9A-044BE11E8378}.Release|iPhoneSimulator.ActiveCfg = Release|Any CPU
		{0A92F969-0A6B-49F4-AD9A-044BE11E8378}.Release|iPhoneSimulator.Build.0 = Release|Any CPU
		{9D61FF49-351F-49F2-AE9E-5AE5527E3D42}.Debug|Any CPU.ActiveCfg = Debug|Any CPU
		{9D61FF49-351F-49F2-AE9E-5AE5527E3D42}.Debug|Any CPU.Build.0 = Debug|Any CPU
		{9D61FF49-351F-49F2-AE9E-5AE5527E3D42}.Debug|iPhone.ActiveCfg = Debug|Any CPU
		{9D61FF49-351F-49F2-AE9E-5AE5527E3D42}.Debug|iPhone.Build.0 = Debug|Any CPU
		{9D61FF49-351F-49F2-AE9E-5AE5527E3D42}.Debug|iPhoneSimulator.ActiveCfg = Debug|Any CPU
		{9D61FF49-351F-49F2-AE9E-5AE5527E3D42}.Debug|iPhoneSimulator.Build.0 = Debug|Any CPU
		{9D61FF49-351F-49F2-AE9E-5AE5527E3D42}.Release|Any CPU.ActiveCfg = Release|Any CPU
		{9D61FF49-351F-49F2-AE9E-5AE5527E3D42}.Release|Any CPU.Build.0 = Release|Any CPU
		{9D61FF49-351F-49F2-AE9E-5AE5527E3D42}.Release|iPhone.ActiveCfg = Release|Any CPU
		{9D61FF49-351F-49F2-AE9E-5AE5527E3D42}.Release|iPhone.Build.0 = Release|Any CPU
		{9D61FF49-351F-49F2-AE9E-5AE5527E3D42}.Release|iPhoneSimulator.ActiveCfg = Release|Any CPU
		{9D61FF49-351F-49F2-AE9E-5AE5527E3D42}.Release|iPhoneSimulator.Build.0 = Release|Any CPU
	EndGlobalSection
	GlobalSection(SolutionProperties) = preSolution
		HideSolutionNode = FALSE
	EndGlobalSection
	GlobalSection(NestedProjects) = preSolution
		{D1D98015-EF37-4637-8376-90D048EE828D} = {D94A4C9B-71FF-46BA-BC01-203A7DF9D4FC}
		{CFDFDE00-68C0-4068-A116-9161D454BA75} = {D94A4C9B-71FF-46BA-BC01-203A7DF9D4FC}
		{E875A74D-FB69-4475-A2D3-C99E90ED2183} = {D94A4C9B-71FF-46BA-BC01-203A7DF9D4FC}
		{2B4E67A1-C8DF-4A5D-A943-75DC6B9226C9} = {2B87A394-674E-467F-9D90-C18B7F3EB3FD}
		{E4CA729B-6567-47E7-AE5E-1B29282F07E8} = {C4F4709C-B452-4E62-87B9-663AC3F0A3AF}
		{0A92F969-0A6B-49F4-AD9A-044BE11E8378} = {14D06BC8-0A18-4553-8E0C-D80FF54D9038}
		{9D61FF49-351F-49F2-AE9E-5AE5527E3D42} = {7A2626EB-3497-4487-8333-185F83758922}
	EndGlobalSection
	GlobalSection(ExtensibilityGlobals) = postSolution
		SolutionGuid = {3A94502C-1D7C-4E12-BB93-0F1A1A0C77EB}
	EndGlobalSection
EndGlobal
