
Microsoft Visual Studio Solution File, Format Version 12.00
# Visual Studio Version 16
VisualStudioVersion = 16.0.30413.136
MinimumVisualStudioVersion = 10.0.40219.1
Project("{FAE04EC0-301F-11D3-BF4B-00C04F79EFBC}") = "EndlessEntities.Android", "EndlessEntities\EndlessEntities.Android\EndlessEntities.Android.csproj", "{D1D98015-EF37-4637-8376-90D048EE828D}"
EndProject
Project("{FAE04EC0-301F-11D3-BF4B-00C04F79EFBC}") = "EndlessEntities.iOS", "EndlessEntities\EndlessEntities.iOS\EndlessEntities.iOS.csproj", "{CFDFDE00-68C0-4068-A116-9161D454BA75}"
EndProject
Project("{9A19103F-16F7-4668-BE54-9A1E7A4F7556}") = "EndlessEntities", "EndlessEntities\EndlessEntities\EndlessEntities.csproj", "{E875A74D-FB69-4475-A2D3-C99E90ED2183}"
EndProject
Project("{2150E333-8FDC-42A3-9474-1A3956D46DE8}") = "Mobile", "Mobile", "{D94A4C9B-71FF-46BA-BC01-203A7DF9D4FC}"
EndProject
Project("{2150E333-8FDC-42A3-9474-1A3956D46DE8}") = "UI", "UI", "{942D9D70-99E6-4AA0-A86A-7C053997017D}"
EndProject
Project("{2150E333-8FDC-42A3-9474-1A3956D46DE8}") = "Services", "Services", "{3B42F89E-CF8C-4545-B68E-5B6CF8B4564F}"
EndProject
Project("{2150E333-8FDC-42A3-9474-1A3956D46DE8}") = "Data", "Data", "{B32B51C9-4433-4BF5-9BAF-69DBF559B9AD}"
EndProject
Project("{FAE04EC0-301F-11D3-BF4B-00C04F79EFBC}") = "EndlessEntities.UI", "EndlessEntities.UI\EndlessEntities.UI.csproj", "{A2ECD48F-525A-4C6D-8FDC-2A2CC8C66928}"
EndProject
Project("{FAE04EC0-301F-11D3-BF4B-00C04F79EFBC}") = "EndlessEntities.Data", "EndlessEntities.Data\EndlessEntities.Data.csproj", "{5341E987-11E4-42F9-8A5D-B9EA5A6273C6}"
EndProject
Project("{FAE04EC0-301F-11D3-BF4B-00C04F79EFBC}") = "EndlessEntities.Services", "EndlessEntities.Services\EndlessEntities.Services.csproj", "{DD18BA0B-D22A-4CE6-927E-85FE6307B795}"
EndProject
Global
	GlobalSection(SolutionConfigurationPlatforms) = preSolution
		Debug|Any CPU = Debug|Any CPU
		Debug|iPhone = Debug|iPhone
		Debug|iPhoneSimulator = Debug|iPhoneSimulator
		Release|Any CPU = Release|Any CPU
		Release|iPhone = Release|iPhone
		Release|iPhoneSimulator = Release|iPhoneSimulator
	EndGlobalSection
	GlobalSection(ProjectConfigurationPlatforms) = postSolution
		{D1D98015-EF37-4637-8376-90D048EE828D}.Debug|Any CPU.ActiveCfg = Debug|Any CPU
		{D1D98015-EF37-4637-8376-90D048EE828D}.Debug|Any CPU.Build.0 = Debug|Any CPU
		{D1D98015-EF37-4637-8376-90D048EE828D}.Debug|Any CPU.Deploy.0 = Debug|Any CPU
		{D1D98015-EF37-4637-8376-90D048EE828D}.Debug|iPhone.ActiveCfg = Debug|Any CPU
		{D1D98015-EF37-4637-8376-90D048EE828D}.Debug|iPhone.Build.0 = Debug|Any CPU
		{D1D98015-EF37-4637-8376-90D048EE828D}.Debug|iPhone.Deploy.0 = Debug|Any CPU
		{D1D98015-EF37-4637-8376-90D048EE828D}.Debug|iPhoneSimulator.ActiveCfg = Debug|Any CPU
		{D1D98015-EF37-4637-8376-90D048EE828D}.Debug|iPhoneSimulator.Build.0 = Debug|Any CPU
		{D1D98015-EF37-4637-8376-90D048EE828D}.Debug|iPhoneSimulator.Deploy.0 = Debug|Any CPU
		{D1D98015-EF37-4637-8376-90D048EE828D}.Release|Any CPU.ActiveCfg = Release|Any CPU
		{D1D98015-EF37-4637-8376-90D048EE828D}.Release|Any CPU.Build.0 = Release|Any CPU
		{D1D98015-EF37-4637-8376-90D048EE828D}.Release|Any CPU.Deploy.0 = Release|Any CPU
		{D1D98015-EF37-4637-8376-90D048EE828D}.Release|iPhone.ActiveCfg = Release|Any CPU
		{D1D98015-EF37-4637-8376-90D048EE828D}.Release|iPhone.Build.0 = Release|Any CPU
		{D1D98015-EF37-4637-8376-90D048EE828D}.Release|iPhone.Deploy.0 = Release|Any CPU
		{D1D98015-EF37-4637-8376-90D048EE828D}.Release|iPhoneSimulator.ActiveCfg = Release|Any CPU
		{D1D98015-EF37-4637-8376-90D048EE828D}.Release|iPhoneSimulator.Build.0 = Release|Any CPU
		{D1D98015-EF37-4637-8376-90D048EE828D}.Release|iPhoneSimulator.Deploy.0 = Release|Any CPU
		{CFDFDE00-68C0-4068-A116-9161D454BA75}.Debug|Any CPU.ActiveCfg = Debug|iPhone
		{CFDFDE00-68C0-4068-A116-9161D454BA75}.Debug|Any CPU.Build.0 = Debug|iPhone
		{CFDFDE00-68C0-4068-A116-9161D454BA75}.Debug|Any CPU.Deploy.0 = Debug|iPhone
		{CFDFDE00-68C0-4068-A116-9161D454BA75}.Debug|iPhone.ActiveCfg = Debug|iPhone
		{CFDFDE00-68C0-4068-A116-9161D454BA75}.Debug|iPhone.Build.0 = Debug|iPhone
		{CFDFDE00-68C0-4068-A116-9161D454BA75}.Debug|iPhone.Deploy.0 = Debug|iPhone
		{CFDFDE00-68C0-4068-A116-9161D454BA75}.Debug|iPhoneSimulator.ActiveCfg = Debug|iPhoneSimulator
		{CFDFDE00-68C0-4068-A116-9161D454BA75}.Debug|iPhoneSimulator.Build.0 = Debug|iPhoneSimulator
		{CFDFDE00-68C0-4068-A116-9161D454BA75}.Debug|iPhoneSimulator.Deploy.0 = Debug|iPhoneSimulator
		{CFDFDE00-68C0-4068-A116-9161D454BA75}.Release|Any CPU.ActiveCfg = Release|iPhone
		{CFDFDE00-68C0-4068-A116-9161D454BA75}.Release|Any CPU.Build.0 = Release|iPhone
		{CFDFDE00-68C0-4068-A116-9161D454BA75}.Release|Any CPU.Deploy.0 = Release|iPhone
		{CFDFDE00-68C0-4068-A116-9161D454BA75}.Release|iPhone.ActiveCfg = Release|iPhone
		{CFDFDE00-68C0-4068-A116-9161D454BA75}.Release|iPhone.Build.0 = Release|iPhone
		{CFDFDE00-68C0-4068-A116-9161D454BA75}.Release|iPhone.Deploy.0 = Release|iPhone
		{CFDFDE00-68C0-4068-A116-9161D454BA75}.Release|iPhoneSimulator.ActiveCfg = Release|iPhoneSimulator
		{CFDFDE00-68C0-4068-A116-9161D454BA75}.Release|iPhoneSimulator.Build.0 = Release|iPhoneSimulator
		{CFDFDE00-68C0-4068-A116-9161D454BA75}.Release|iPhoneSimulator.Deploy.0 = Release|iPhoneSimulator
		{E875A74D-FB69-4475-A2D3-C99E90ED2183}.Debug|Any CPU.ActiveCfg = Debug|Any CPU
		{E875A74D-FB69-4475-A2D3-C99E90ED2183}.Debug|Any CPU.Build.0 = Debug|Any CPU
		{E875A74D-FB69-4475-A2D3-C99E90ED2183}.Debug|Any CPU.Deploy.0 = Debug|Any CPU
		{E875A74D-FB69-4475-A2D3-C99E90ED2183}.Debug|iPhone.ActiveCfg = Debug|Any CPU
		{E875A74D-FB69-4475-A2D3-C99E90ED2183}.Debug|iPhone.Build.0 = Debug|Any CPU
		{E875A74D-FB69-4475-A2D3-C99E90ED2183}.Debug|iPhone.Deploy.0 = Debug|Any CPU
		{E875A74D-FB69-4475-A2D3-C99E90ED2183}.Debug|iPhoneSimulator.ActiveCfg = Debug|Any CPU
		{E875A74D-FB69-4475-A2D3-C99E90ED2183}.Debug|iPhoneSimulator.Build.0 = Debug|Any CPU
		{E875A74D-FB69-4475-A2D3-C99E90ED2183}.Debug|iPhoneSimulator.Deploy.0 = Debug|Any CPU
		{E875A74D-FB69-4475-A2D3-C99E90ED2183}.Release|Any CPU.ActiveCfg = Release|Any CPU
		{E875A74D-FB69-4475-A2D3-C99E90ED2183}.Release|Any CPU.Build.0 = Release|Any CPU
		{E875A74D-FB69-4475-A2D3-C99E90ED2183}.Release|Any CPU.Deploy.0 = Release|Any CPU
		{E875A74D-FB69-4475-A2D3-C99E90ED2183}.Release|iPhone.ActiveCfg = Release|Any CPU
		{E875A74D-FB69-4475-A2D3-C99E90ED2183}.Release|iPhone.Build.0 = Release|Any CPU
		{E875A74D-FB69-4475-A2D3-C99E90ED2183}.Release|iPhone.Deploy.0 = Release|Any CPU
		{E875A74D-FB69-4475-A2D3-C99E90ED2183}.Release|iPhoneSimulator.ActiveCfg = Release|Any CPU
		{E875A74D-FB69-4475-A2D3-C99E90ED2183}.Release|iPhoneSimulator.Build.0 = Release|Any CPU
		{E875A74D-FB69-4475-A2D3-C99E90ED2183}.Release|iPhoneSimulator.Deploy.0 = Release|Any CPU
		{A2ECD48F-525A-4C6D-8FDC-2A2CC8C66928}.Debug|Any CPU.ActiveCfg = Debug|Any CPU
		{A2ECD48F-525A-4C6D-8FDC-2A2CC8C66928}.Debug|Any CPU.Build.0 = Debug|Any CPU
		{A2ECD48F-525A-4C6D-8FDC-2A2CC8C66928}.Debug|iPhone.ActiveCfg = Debug|Any CPU
		{A2ECD48F-525A-4C6D-8FDC-2A2CC8C66928}.Debug|iPhone.Build.0 = Debug|Any CPU
		{A2ECD48F-525A-4C6D-8FDC-2A2CC8C66928}.Debug|iPhoneSimulator.ActiveCfg = Debug|Any CPU
		{A2ECD48F-525A-4C6D-8FDC-2A2CC8C66928}.Debug|iPhoneSimulator.Build.0 = Debug|Any CPU
		{A2ECD48F-525A-4C6D-8FDC-2A2CC8C66928}.Release|Any CPU.ActiveCfg = Release|Any CPU
		{A2ECD48F-525A-4C6D-8FDC-2A2CC8C66928}.Release|Any CPU.Build.0 = Release|Any CPU
		{A2ECD48F-525A-4C6D-8FDC-2A2CC8C66928}.Release|iPhone.ActiveCfg = Release|Any CPU
		{A2ECD48F-525A-4C6D-8FDC-2A2CC8C66928}.Release|iPhone.Build.0 = Release|Any CPU
		{A2ECD48F-525A-4C6D-8FDC-2A2CC8C66928}.Release|iPhoneSimulator.ActiveCfg = Release|Any CPU
		{A2ECD48F-525A-4C6D-8FDC-2A2CC8C66928}.Release|iPhoneSimulator.Build.0 = Release|Any CPU
		{5341E987-11E4-42F9-8A5D-B9EA5A6273C6}.Debug|Any CPU.ActiveCfg = Debug|Any CPU
		{5341E987-11E4-42F9-8A5D-B9EA5A6273C6}.Debug|Any CPU.Build.0 = Debug|Any CPU
		{5341E987-11E4-42F9-8A5D-B9EA5A6273C6}.Debug|iPhone.ActiveCfg = Debug|Any CPU
		{5341E987-11E4-42F9-8A5D-B9EA5A6273C6}.Debug|iPhone.Build.0 = Debug|Any CPU
		{5341E987-11E4-42F9-8A5D-B9EA5A6273C6}.Debug|iPhoneSimulator.ActiveCfg = Debug|Any CPU
		{5341E987-11E4-42F9-8A5D-B9EA5A6273C6}.Debug|iPhoneSimulator.Build.0 = Debug|Any CPU
		{5341E987-11E4-42F9-8A5D-B9EA5A6273C6}.Release|Any CPU.ActiveCfg = Release|Any CPU
		{5341E987-11E4-42F9-8A5D-B9EA5A6273C6}.Release|Any CPU.Build.0 = Release|Any CPU
		{5341E987-11E4-42F9-8A5D-B9EA5A6273C6}.Release|iPhone.ActiveCfg = Release|Any CPU
		{5341E987-11E4-42F9-8A5D-B9EA5A6273C6}.Release|iPhone.Build.0 = Release|Any CPU
		{5341E987-11E4-42F9-8A5D-B9EA5A6273C6}.Release|iPhoneSimulator.ActiveCfg = Release|Any CPU
		{5341E987-11E4-42F9-8A5D-B9EA5A6273C6}.Release|iPhoneSimulator.Build.0 = Release|Any CPU
		{DD18BA0B-D22A-4CE6-927E-85FE6307B795}.Debug|Any CPU.ActiveCfg = Debug|Any CPU
		{DD18BA0B-D22A-4CE6-927E-85FE6307B795}.Debug|Any CPU.Build.0 = Debug|Any CPU
		{DD18BA0B-D22A-4CE6-927E-85FE6307B795}.Debug|iPhone.ActiveCfg = Debug|Any CPU
		{DD18BA0B-D22A-4CE6-927E-85FE6307B795}.Debug|iPhone.Build.0 = Debug|Any CPU
		{DD18BA0B-D22A-4CE6-927E-85FE6307B795}.Debug|iPhoneSimulator.ActiveCfg = Debug|Any CPU
		{DD18BA0B-D22A-4CE6-927E-85FE6307B795}.Debug|iPhoneSimulator.Build.0 = Debug|Any CPU
		{DD18BA0B-D22A-4CE6-927E-85FE6307B795}.Release|Any CPU.ActiveCfg = Release|Any CPU
		{DD18BA0B-D22A-4CE6-927E-85FE6307B795}.Release|Any CPU.Build.0 = Release|Any CPU
		{DD18BA0B-D22A-4CE6-927E-85FE6307B795}.Release|iPhone.ActiveCfg = Release|Any CPU
		{DD18BA0B-D22A-4CE6-927E-85FE6307B795}.Release|iPhone.Build.0 = Release|Any CPU
		{DD18BA0B-D22A-4CE6-927E-85FE6307B795}.Release|iPhoneSimulator.ActiveCfg = Release|Any CPU
		{DD18BA0B-D22A-4CE6-927E-85FE6307B795}.Release|iPhoneSimulator.Build.0 = Release|Any CPU
	EndGlobalSection
	GlobalSection(SolutionProperties) = preSolution
		HideSolutionNode = FALSE
	EndGlobalSection
	GlobalSection(NestedProjects) = preSolution
		{D1D98015-EF37-4637-8376-90D048EE828D} = {D94A4C9B-71FF-46BA-BC01-203A7DF9D4FC}
		{CFDFDE00-68C0-4068-A116-9161D454BA75} = {D94A4C9B-71FF-46BA-BC01-203A7DF9D4FC}
		{E875A74D-FB69-4475-A2D3-C99E90ED2183} = {D94A4C9B-71FF-46BA-BC01-203A7DF9D4FC}
		{A2ECD48F-525A-4C6D-8FDC-2A2CC8C66928} = {942D9D70-99E6-4AA0-A86A-7C053997017D}
		{5341E987-11E4-42F9-8A5D-B9EA5A6273C6} = {B32B51C9-4433-4BF5-9BAF-69DBF559B9AD}
		{DD18BA0B-D22A-4CE6-927E-85FE6307B795} = {3B42F89E-CF8C-4545-B68E-5B6CF8B4564F}
	EndGlobalSection
	GlobalSection(ExtensibilityGlobals) = postSolution
		SolutionGuid = {3A94502C-1D7C-4E12-BB93-0F1A1A0C77EB}
	EndGlobalSection
EndGlobal
